
Microsoft Visual Studio Solution File, Format Version 12.00
# Visual Studio Version 17
VisualStudioVersion = 17.14.36109.1 d17.14
MinimumVisualStudioVersion = 10.0.40219.1
Project("{FAE04EC0-301F-11D3-BF4B-00C04F79EFBC}") = "MusicPlayerTH", "MusicPlayerTH.csproj", "{9B036FBA-8548-42CE-92F8-85EBB3B16A47}"
EndProject
Global
	GlobalSection(SolutionConfigurationPlatforms) = preSolution
		Debug|Any CPU = Debug|Any CPU
		Release|Any CPU = Release|Any CPU
	EndGlobalSection
	GlobalSection(ProjectConfigurationPlatforms) = postSolution
		{9B036FBA-8548-42CE-92F8-85EBB3B16A47}.Debug|Any CPU.ActiveCfg = Debug|Any CPU
		{9B036FBA-8548-42CE-92F8-85EBB3B16A47}.Debug|Any CPU.Build.0 = Debug|Any CPU
		{9B036FBA-8548-42CE-92F8-85EBB3B16A47}.Release|Any CPU.ActiveCfg = Release|Any CPU
		{9B036FBA-8548-42CE-92F8-85EBB3B16A47}.Release|Any CPU.Build.0 = Release|Any CPU
	EndGlobalSection
	GlobalSection(SolutionProperties) = preSolution
		HideSolutionNode = FALSE
	EndGlobalSection
	GlobalSection(ExtensibilityGlobals) = postSolution
		SolutionGuid = {D056062C-3487-4410-ADDF-E304A9C8F84B}
	EndGlobalSection
EndGlobal
